
Microsoft Visual Studio Solution File, Format Version 12.00
# Visual Studio 15
VisualStudioVersion = 15.0.28307.421
MinimumVisualStudioVersion = 10.0.40219.1
Project("{9A19103F-16F7-4668-BE54-9A1E7A4F7556}") = "MoriaClient.AutomatedTests", "MoriaClient.AutomatedTests\MoriaClient.AutomatedTests.csproj", "{B95B5C53-E9CB-4E8B-8EF1-F49CC2D1A8FE}"
EndProject
Project("{9A19103F-16F7-4668-BE54-9A1E7A4F7556}") = "MoriaClient", "MoriaClient\MoriaClient.csproj", "{A0E154CC-2C14-40C2-805A-7073EAA8CFE9}"
EndProject
Global
	GlobalSection(SolutionConfigurationPlatforms) = preSolution
		Debug|Any CPU = Debug|Any CPU
		Release|Any CPU = Release|Any CPU
	EndGlobalSection
	GlobalSection(ProjectConfigurationPlatforms) = postSolution
		{B95B5C53-E9CB-4E8B-8EF1-F49CC2D1A8FE}.Debug|Any CPU.ActiveCfg = Debug|Any CPU
		{B95B5C53-E9CB-4E8B-8EF1-F49CC2D1A8FE}.Debug|Any CPU.Build.0 = Debug|Any CPU
		{B95B5C53-E9CB-4E8B-8EF1-F49CC2D1A8FE}.Release|Any CPU.ActiveCfg = Release|Any CPU
		{B95B5C53-E9CB-4E8B-8EF1-F49CC2D1A8FE}.Release|Any CPU.Build.0 = Release|Any CPU
		{A0E154CC-2C14-40C2-805A-7073EAA8CFE9}.Debug|Any CPU.ActiveCfg = Debug|Any CPU
		{A0E154CC-2C14-40C2-805A-7073EAA8CFE9}.Debug|Any CPU.Build.0 = Debug|Any CPU
		{A0E154CC-2C14-40C2-805A-7073EAA8CFE9}.Release|Any CPU.ActiveCfg = Release|Any CPU
		{A0E154CC-2C14-40C2-805A-7073EAA8CFE9}.Release|Any CPU.Build.0 = Release|Any CPU
	EndGlobalSection
	GlobalSection(SolutionProperties) = preSolution
		HideSolutionNode = FALSE
	EndGlobalSection
	GlobalSection(ExtensibilityGlobals) = postSolution
		SolutionGuid = {A18A2BA7-161D-45B8-84F1-40E969C2C9A0}
	EndGlobalSection
EndGlobal
